
Microsoft Visual Studio Solution File, Format Version 12.00
# Visual Studio Version 16
VisualStudioVersion = 16.0.31605.320
MinimumVisualStudioVersion = 10.0.40219.1
Project("{FAE04EC0-301F-11D3-BF4B-00C04F79EFBC}") = "EFProfiler", "EFProfiler\EFProfiler.csproj", "{78DF962F-5BAF-411E-B157-39D0E52DFA15}"
EndProject
Global
	GlobalSection(SolutionConfigurationPlatforms) = preSolution
		Debug|Any CPU = Debug|Any CPU
		Release|Any CPU = Release|Any CPU
	EndGlobalSection
	GlobalSection(ProjectConfigurationPlatforms) = postSolution
		{78DF962F-5BAF-411E-B157-39D0E52DFA15}.Debug|Any CPU.ActiveCfg = Debug|Any CPU
		{78DF962F-5BAF-411E-B157-39D0E52DFA15}.Debug|Any CPU.Build.0 = Debug|Any CPU
		{78DF962F-5BAF-411E-B157-39D0E52DFA15}.Release|Any CPU.ActiveCfg = Release|Any CPU
		{78DF962F-5BAF-411E-B157-39D0E52DFA15}.Release|Any CPU.Build.0 = Release|Any CPU
	EndGlobalSection
	GlobalSection(SolutionProperties) = preSolution
		HideSolutionNode = FALSE
	EndGlobalSection
	GlobalSection(ExtensibilityGlobals) = postSolution
		SolutionGuid = {ADCFC4D3-ED22-4664-BF33-D43C44EF7FA4}
	EndGlobalSection
EndGlobal
